// !$*UTF8*$!
{
	archiveVersion = 1;
	classes = {
	};
	objectVersion = 46;
	objects = {

/* Begin PBXBuildFile section */
		84D4172C1D17C11B00736510 /* fav02c-sheet.png in Resources */ = {isa = PBXBuildFile; fileRef = 84D417281D17C11B00736510 /* fav02c-sheet.png */; };
		84D4172D1D17C11B00736510 /* fav02c-sheet@2x.png in Resources */ = {isa = PBXBuildFile; fileRef = 84D417291D17C11B00736510 /* fav02c-sheet@2x.png */; };
		84D4172E1D17C11B00736510 /* fav02l-sheet.png in Resources */ = {isa = PBXBuildFile; fileRef = 84D4172A1D17C11B00736510 /* fav02l-sheet.png */; };
		84D4172F1D17C11B00736510 /* fav02l-sheet@2x.png in Resources */ = {isa = PBXBuildFile; fileRef = 84D4172B1D17C11B00736510 /* fav02l-sheet@2x.png */; };
		84E0BB191D13916000948A24 /* main.m in Sources */ = {isa = PBXBuildFile; fileRef = 84E0BB181D13916000948A24 /* main.m */; };
		84E0BB1C1D13916000948A24 /* AppDelegate.m in Sources */ = {isa = PBXBuildFile; fileRef = 84E0BB1B1D13916000948A24 /* AppDelegate.m */; };
		84E0BB241D13916000948A24 /* Assets.xcassets in Resources */ = {isa = PBXBuildFile; fileRef = 84E0BB231D13916000948A24 /* Assets.xcassets */; };
		84E0BB271D13916000948A24 /* LaunchScreen.storyboard in Resources */ = {isa = PBXBuildFile; fileRef = 84E0BB251D13916000948A24 /* LaunchScreen.storyboard */; };
		84E0BB311D1391DB00948A24 /* SKTabBar.m in Sources */ = {isa = PBXBuildFile; fileRef = 84E0BB301D1391DB00948A24 /* SKTabBar.m */; };
		84E0BB371D13923A00948A24 /* SKTabBarController.m in Sources */ = {isa = PBXBuildFile; fileRef = 84E0BB361D13923A00948A24 /* SKTabBarController.m */; };
		84E0BB3A1D13939100948A24 /* SKTabBarItem.m in Sources */ = {isa = PBXBuildFile; fileRef = 84E0BB391D13939100948A24 /* SKTabBarItem.m */; };
		84E0BBAC1D13A2E900948A24 /* profile_relationship_tabbar_background_repeat@2x.png in Resources */ = {isa = PBXBuildFile; fileRef = 84E0BB3D1D13A2E800948A24 /* profile_relationship_tabbar_background_repeat@2x.png */; };
		84E0BBAD1D13A2E900948A24 /* profile_relationship_tabbar_background_repeat@3x.png in Resources */ = {isa = PBXBuildFile; fileRef = 84E0BB3E1D13A2E800948A24 /* profile_relationship_tabbar_background_repeat@3x.png */; };
		84E0BBAE1D13A2E900948A24 /* qrcode_tabbar_background@2x.png in Resources */ = {isa = PBXBuildFile; fileRef = 84E0BB3F1D13A2E800948A24 /* qrcode_tabbar_background@2x.png */; };
		84E0BBAF1D13A2E900948A24 /* qrcode_tabbar_icon_barcode@2x.png in Resources */ = {isa = PBXBuildFile; fileRef = 84E0BB401D13A2E800948A24 /* qrcode_tabbar_icon_barcode@2x.png */; };
		84E0BBB01D13A2E900948A24 /* qrcode_tabbar_icon_barcode@3x.png in Resources */ = {isa = PBXBuildFile; fileRef = 84E0BB411D13A2E800948A24 /* qrcode_tabbar_icon_barcode@3x.png */; };
		84E0BBB11D13A2E900948A24 /* qrcode_tabbar_icon_barcode_highlighted@2x.png in Resources */ = {isa = PBXBuildFile; fileRef = 84E0BB421D13A2E800948A24 /* qrcode_tabbar_icon_barcode_highlighted@2x.png */; };
		84E0BBB21D13A2E900948A24 /* qrcode_tabbar_icon_barcode_highlighted@3x.png in Resources */ = {isa = PBXBuildFile; fileRef = 84E0BB431D13A2E800948A24 /* qrcode_tabbar_icon_barcode_highlighted@3x.png */; };
		84E0BBB31D13A2E900948A24 /* qrcode_tabbar_icon_qrcode@2x.png in Resources */ = {isa = PBXBuildFile; fileRef = 84E0BB441D13A2E800948A24 /* qrcode_tabbar_icon_qrcode@2x.png */; };
		84E0BBB41D13A2E900948A24 /* qrcode_tabbar_icon_qrcode@3x.png in Resources */ = {isa = PBXBuildFile; fileRef = 84E0BB451D13A2E800948A24 /* qrcode_tabbar_icon_qrcode@3x.png */; };
		84E0BBB51D13A2E900948A24 /* qrcode_tabbar_icon_qrcode_highlighted@2x.png in Resources */ = {isa = PBXBuildFile; fileRef = 84E0BB461D13A2E800948A24 /* qrcode_tabbar_icon_qrcode_highlighted@2x.png */; };
		84E0BBB61D13A2E900948A24 /* qrcode_tabbar_icon_qrcode_highlighted@3x.png in Resources */ = {isa = PBXBuildFile; fileRef = 84E0BB471D13A2E800948A24 /* qrcode_tabbar_icon_qrcode_highlighted@3x.png */; };
		84E0BBB71D13A2E900948A24 /* tabbar_background@2x.png in Resources */ = {isa = PBXBuildFile; fileRef = 84E0BB481D13A2E800948A24 /* tabbar_background@2x.png */; };
		84E0BBB81D13A2E900948A24 /* tabbar_background@3x.png in Resources */ = {isa = PBXBuildFile; fileRef = 84E0BB491D13A2E800948A24 /* tabbar_background@3x.png */; };
		84E0BBB91D13A2E900948A24 /* tabbar_background_os7@2x.png in Resources */ = {isa = PBXBuildFile; fileRef = 84E0BB4A1D13A2E800948A24 /* tabbar_background_os7@2x.png */; };
		84E0BBBA1D13A2E900948A24 /* tabbar_compose_background_icon_add@2x.png in Resources */ = {isa = PBXBuildFile; fileRef = 84E0BB4B1D13A2E800948A24 /* tabbar_compose_background_icon_add@2x.png */; };
		84E0BBBB1D13A2E900948A24 /* tabbar_compose_background_icon_add@3x.png in Resources */ = {isa = PBXBuildFile; fileRef = 84E0BB4C1D13A2E800948A24 /* tabbar_compose_background_icon_add@3x.png */; };
		84E0BBBC1D13A2E900948A24 /* tabbar_compose_background_icon_close@2x.png in Resources */ = {isa = PBXBuildFile; fileRef = 84E0BB4D1D13A2E800948A24 /* tabbar_compose_background_icon_close@2x.png */; };
		84E0BBBD1D13A2E900948A24 /* tabbar_compose_background_icon_close@3x.png in Resources */ = {isa = PBXBuildFile; fileRef = 84E0BB4E1D13A2E800948A24 /* tabbar_compose_background_icon_close@3x.png */; };
		84E0BBBE1D13A2E900948A24 /* tabbar_compose_background_icon_return@2x.png in Resources */ = {isa = PBXBuildFile; fileRef = 84E0BB4F1D13A2E800948A24 /* tabbar_compose_background_icon_return@2x.png */; };
		84E0BBBF1D13A2E900948A24 /* tabbar_compose_background_icon_return@3x.png in Resources */ = {isa = PBXBuildFile; fileRef = 84E0BB501D13A2E800948A24 /* tabbar_compose_background_icon_return@3x.png */; };
		84E0BBC01D13A2E900948A24 /* tabbar_compose_below_background@2x.png in Resources */ = {isa = PBXBuildFile; fileRef = 84E0BB511D13A2E800948A24 /* tabbar_compose_below_background@2x.png */; };
		84E0BBC11D13A2E900948A24 /* tabbar_compose_below_button@2x.png in Resources */ = {isa = PBXBuildFile; fileRef = 84E0BB521D13A2E800948A24 /* tabbar_compose_below_button@2x.png */; };
		84E0BBC21D13A2E900948A24 /* tabbar_compose_below_button_highlighted@2x.png in Resources */ = {isa = PBXBuildFile; fileRef = 84E0BB531D13A2E800948A24 /* tabbar_compose_below_button_highlighted@2x.png */; };
		84E0BBC31D13A2E900948A24 /* tabbar_compose_book@2x.png in Resources */ = {isa = PBXBuildFile; fileRef = 84E0BB541D13A2E800948A24 /* tabbar_compose_book@2x.png */; };
		84E0BBC41D13A2E900948A24 /* tabbar_compose_button@2x.png in Resources */ = {isa = PBXBuildFile; fileRef = 84E0BB551D13A2E800948A24 /* tabbar_compose_button@2x.png */; };
		84E0BBC51D13A2E900948A24 /* tabbar_compose_button@3x.png in Resources */ = {isa = PBXBuildFile; fileRef = 84E0BB561D13A2E800948A24 /* tabbar_compose_button@3x.png */; };
		84E0BBC61D13A2E900948A24 /* tabbar_compose_button_highlighted@2x.png in Resources */ = {isa = PBXBuildFile; fileRef = 84E0BB571D13A2E800948A24 /* tabbar_compose_button_highlighted@2x.png */; };
		84E0BBC71D13A2E900948A24 /* tabbar_compose_button_highlighted@3x.png in Resources */ = {isa = PBXBuildFile; fileRef = 84E0BB581D13A2E800948A24 /* tabbar_compose_button_highlighted@3x.png */; };
		84E0BBC81D13A2E900948A24 /* tabbar_compose_camera@2x.png in Resources */ = {isa = PBXBuildFile; fileRef = 84E0BB591D13A2E800948A24 /* tabbar_compose_camera@2x.png */; };
		84E0BBC91D13A2E900948A24 /* tabbar_compose_camera@3x.png in Resources */ = {isa = PBXBuildFile; fileRef = 84E0BB5A1D13A2E800948A24 /* tabbar_compose_camera@3x.png */; };
		84E0BBCA1D13A2E900948A24 /* tabbar_compose_delete@2x.png in Resources */ = {isa = PBXBuildFile; fileRef = 84E0BB5B1D13A2E800948A24 /* tabbar_compose_delete@2x.png */; };
		84E0BBCB1D13A2E900948A24 /* tabbar_compose_delete@3x.png in Resources */ = {isa = PBXBuildFile; fileRef = 84E0BB5C1D13A2E800948A24 /* tabbar_compose_delete@3x.png */; };
		84E0BBCC1D13A2E900948A24 /* tabbar_compose_envelope@2x.png in Resources */ = {isa = PBXBuildFile; fileRef = 84E0BB5D1D13A2E800948A24 /* tabbar_compose_envelope@2x.png */; };
		84E0BBCD1D13A2E900948A24 /* tabbar_compose_friend@2x.png in Resources */ = {isa = PBXBuildFile; fileRef = 84E0BB5E1D13A2E800948A24 /* tabbar_compose_friend@2x.png */; };
		84E0BBCE1D13A2E900948A24 /* tabbar_compose_friend@3x.png in Resources */ = {isa = PBXBuildFile; fileRef = 84E0BB5F1D13A2E800948A24 /* tabbar_compose_friend@3x.png */; };
		84E0BBCF1D13A2E900948A24 /* tabbar_compose_headlines@2x.png in Resources */ = {isa = PBXBuildFile; fileRef = 84E0BB601D13A2E800948A24 /* tabbar_compose_headlines@2x.png */; };
		84E0BBD01D13A2E900948A24 /* tabbar_compose_headlines@3x.png in Resources */ = {isa = PBXBuildFile; fileRef = 84E0BB611D13A2E800948A24 /* tabbar_compose_headlines@3x.png */; };
		84E0BBD11D13A2E900948A24 /* tabbar_compose_icon_add@2x.png in Resources */ = {isa = PBXBuildFile; fileRef = 84E0BB621D13A2E800948A24 /* tabbar_compose_icon_add@2x.png */; };
		84E0BBD21D13A2E900948A24 /* tabbar_compose_icon_add@3x.png in Resources */ = {isa = PBXBuildFile; fileRef = 84E0BB631D13A2E800948A24 /* tabbar_compose_icon_add@3x.png */; };
		84E0BBD31D13A2E900948A24 /* tabbar_compose_icon_add_highlighted@2x.png in Resources */ = {isa = PBXBuildFile; fileRef = 84E0BB641D13A2E800948A24 /* tabbar_compose_icon_add_highlighted@2x.png */; };
		84E0BBD41D13A2E900948A24 /* tabbar_compose_icon_add_highlighted@3x.png in Resources */ = {isa = PBXBuildFile; fileRef = 84E0BB651D13A2E800948A24 /* tabbar_compose_icon_add_highlighted@3x.png */; };
		84E0BBD51D13A2E900948A24 /* tabbar_compose_idea@2x.png in Resources */ = {isa = PBXBuildFile; fileRef = 84E0BB661D13A2E800948A24 /* tabbar_compose_idea@2x.png */; };
		84E0BBD61D13A2E900948A24 /* tabbar_compose_idea@3x.png in Resources */ = {isa = PBXBuildFile; fileRef = 84E0BB671D13A2E800948A24 /* tabbar_compose_idea@3x.png */; };
		84E0BBD71D13A2E900948A24 /* tabbar_compose_lbs@2x.png in Resources */ = {isa = PBXBuildFile; fileRef = 84E0BB681D13A2E800948A24 /* tabbar_compose_lbs@2x.png */; };
		84E0BBD81D13A2E900948A24 /* tabbar_compose_lbs@3x.png in Resources */ = {isa = PBXBuildFile; fileRef = 84E0BB691D13A2E800948A24 /* tabbar_compose_lbs@3x.png */; };
		84E0BBD91D13A2E900948A24 /* tabbar_compose_left_button@2x.png in Resources */ = {isa = PBXBuildFile; fileRef = 84E0BB6A1D13A2E800948A24 /* tabbar_compose_left_button@2x.png */; };
		84E0BBDA1D13A2E900948A24 /* tabbar_compose_left_button_highlighted@2x.png in Resources */ = {isa = PBXBuildFile; fileRef = 84E0BB6B1D13A2E800948A24 /* tabbar_compose_left_button_highlighted@2x.png */; };
		84E0BBDB1D13A2E900948A24 /* tabbar_compose_more@2x.png in Resources */ = {isa = PBXBuildFile; fileRef = 84E0BB6C1D13A2E800948A24 /* tabbar_compose_more@2x.png */; };
		84E0BBDC1D13A2E900948A24 /* tabbar_compose_more@3x.png in Resources */ = {isa = PBXBuildFile; fileRef = 84E0BB6D1D13A2E800948A24 /* tabbar_compose_more@3x.png */; };
		84E0BBDD1D13A2E900948A24 /* tabbar_compose_more_mask@2x.png in Resources */ = {isa = PBXBuildFile; fileRef = 84E0BB6E1D13A2E800948A24 /* tabbar_compose_more_mask@2x.png */; };
		84E0BBDE1D13A2E900948A24 /* tabbar_compose_music@2x.png in Resources */ = {isa = PBXBuildFile; fileRef = 84E0BB6F1D13A2E800948A24 /* tabbar_compose_music@2x.png */; };
		84E0BBDF1D13A2E900948A24 /* tabbar_compose_music@3x.png in Resources */ = {isa = PBXBuildFile; fileRef = 84E0BB701D13A2E800948A24 /* tabbar_compose_music@3x.png */; };
		84E0BBE01D13A2E900948A24 /* tabbar_compose_notloaded@2x.png in Resources */ = {isa = PBXBuildFile; fileRef = 84E0BB711D13A2E800948A24 /* tabbar_compose_notloaded@2x.png */; };
		84E0BBE11D13A2E900948A24 /* tabbar_compose_photo@2x.png in Resources */ = {isa = PBXBuildFile; fileRef = 84E0BB721D13A2E800948A24 /* tabbar_compose_photo@2x.png */; };
		84E0BBE21D13A2E900948A24 /* tabbar_compose_photo@3x.png in Resources */ = {isa = PBXBuildFile; fileRef = 84E0BB731D13A2E800948A24 /* tabbar_compose_photo@3x.png */; };
		84E0BBE31D13A2E900948A24 /* tabbar_compose_productrelease@2x.png in Resources */ = {isa = PBXBuildFile; fileRef = 84E0BB741D13A2E800948A24 /* tabbar_compose_productrelease@2x.png */; };
		84E0BBE41D13A2E900948A24 /* tabbar_compose_productrelease@3x.png in Resources */ = {isa = PBXBuildFile; fileRef = 84E0BB751D13A2E800948A24 /* tabbar_compose_productrelease@3x.png */; };
		84E0BBE51D13A2E900948A24 /* tabbar_compose_review@2x.png in Resources */ = {isa = PBXBuildFile; fileRef = 84E0BB761D13A2E800948A24 /* tabbar_compose_review@2x.png */; };
		84E0BBE61D13A2E900948A24 /* tabbar_compose_review@3x.png in Resources */ = {isa = PBXBuildFile; fileRef = 84E0BB771D13A2E800948A24 /* tabbar_compose_review@3x.png */; };
		84E0BBE71D13A2E900948A24 /* tabbar_compose_right_button@2x.png in Resources */ = {isa = PBXBuildFile; fileRef = 84E0BB781D13A2E800948A24 /* tabbar_compose_right_button@2x.png */; };
		84E0BBE81D13A2E900948A24 /* tabbar_compose_right_button_highlighted@2x.png in Resources */ = {isa = PBXBuildFile; fileRef = 84E0BB791D13A2E800948A24 /* tabbar_compose_right_button_highlighted@2x.png */; };
		84E0BBE91D13A2E900948A24 /* tabbar_compose_shooting@2x.png in Resources */ = {isa = PBXBuildFile; fileRef = 84E0BB7A1D13A2E800948A24 /* tabbar_compose_shooting@2x.png */; };
		84E0BBEA1D13A2E900948A24 /* tabbar_compose_shooting@3x.png in Resources */ = {isa = PBXBuildFile; fileRef = 84E0BB7B1D13A2E800948A24 /* tabbar_compose_shooting@3x.png */; };
		84E0BBEB1D13A2E900948A24 /* tabbar_compose_transfer@3x.png in Resources */ = {isa = PBXBuildFile; fileRef = 84E0BB7C1D13A2E800948A24 /* tabbar_compose_transfer@3x.png */; };
		84E0BBEC1D13A2E900948A24 /* tabbar_compose_video@2x.png in Resources */ = {isa = PBXBuildFile; fileRef = 84E0BB7D1D13A2E800948A24 /* tabbar_compose_video@2x.png */; };
		84E0BBED1D13A2E900948A24 /* tabbar_compose_voice@2x.png in Resources */ = {isa = PBXBuildFile; fileRef = 84E0BB7E1D13A2E800948A24 /* tabbar_compose_voice@2x.png */; };
		84E0BBEE1D13A2E900948A24 /* tabbar_compose_voice@3x.png in Resources */ = {isa = PBXBuildFile; fileRef = 84E0BB7F1D13A2E800948A24 /* tabbar_compose_voice@3x.png */; };
		84E0BBEF1D13A2E900948A24 /* tabbar_compose_wbcamera@2x.png in Resources */ = {isa = PBXBuildFile; fileRef = 84E0BB801D13A2E800948A24 /* tabbar_compose_wbcamera@2x.png */; };
		84E0BBF01D13A2E900948A24 /* tabbar_compose_wbcamera@3x.png in Resources */ = {isa = PBXBuildFile; fileRef = 84E0BB811D13A2E800948A24 /* tabbar_compose_wbcamera@3x.png */; };
		84E0BBF11D13A2E900948A24 /* tabbar_compose_weibo@2x.png in Resources */ = {isa = PBXBuildFile; fileRef = 84E0BB821D13A2E800948A24 /* tabbar_compose_weibo@2x.png */; };
		84E0BBF21D13A2E900948A24 /* tabbar_compose_weibo@3x.png in Resources */ = {isa = PBXBuildFile; fileRef = 84E0BB831D13A2E800948A24 /* tabbar_compose_weibo@3x.png */; };
		84E0BBF31D13A2E900948A24 /* tabbar_discover@2x.png in Resources */ = {isa = PBXBuildFile; fileRef = 84E0BB841D13A2E800948A24 /* tabbar_discover@2x.png */; };
		84E0BBF41D13A2E900948A24 /* tabbar_discover@3x.png in Resources */ = {isa = PBXBuildFile; fileRef = 84E0BB851D13A2E800948A24 /* tabbar_discover@3x.png */; };
		84E0BBF51D13A2E900948A24 /* tabbar_discover_highlighted@2x.png in Resources */ = {isa = PBXBuildFile; fileRef = 84E0BB861D13A2E800948A24 /* tabbar_discover_highlighted@2x.png */; };
		84E0BBF61D13A2E900948A24 /* tabbar_discover_highlighted@3x.png in Resources */ = {isa = PBXBuildFile; fileRef = 84E0BB871D13A2E800948A24 /* tabbar_discover_highlighted@3x.png */; };
		84E0BBF71D13A2E900948A24 /* tabbar_discover_selected@2x.png in Resources */ = {isa = PBXBuildFile; fileRef = 84E0BB881D13A2E800948A24 /* tabbar_discover_selected@2x.png */; };
		84E0BBF81D13A2E900948A24 /* tabbar_discover_selected@3x.png in Resources */ = {isa = PBXBuildFile; fileRef = 84E0BB891D13A2E800948A24 /* tabbar_discover_selected@3x.png */; };
		84E0BBF91D13A2E900948A24 /* tabbar_home@2x.png in Resources */ = {isa = PBXBuildFile; fileRef = 84E0BB8A1D13A2E800948A24 /* tabbar_home@2x.png */; };
		84E0BBFA1D13A2E900948A24 /* tabbar_home@3x.png in Resources */ = {isa = PBXBuildFile; fileRef = 84E0BB8B1D13A2E800948A24 /* tabbar_home@3x.png */; };
		84E0BBFB1D13A2E900948A24 /* tabbar_home_highlighted@2x.png in Resources */ = {isa = PBXBuildFile; fileRef = 84E0BB8C1D13A2E800948A24 /* tabbar_home_highlighted@2x.png */; };
		84E0BBFC1D13A2E900948A24 /* tabbar_home_highlighted@3x.png in Resources */ = {isa = PBXBuildFile; fileRef = 84E0BB8D1D13A2E800948A24 /* tabbar_home_highlighted@3x.png */; };
		84E0BBFD1D13A2E900948A24 /* tabbar_home_selected@2x.png in Resources */ = {isa = PBXBuildFile; fileRef = 84E0BB8E1D13A2E800948A24 /* tabbar_home_selected@2x.png */; };
		84E0BBFE1D13A2E900948A24 /* tabbar_home_selected@3x.png in Resources */ = {isa = PBXBuildFile; fileRef = 84E0BB8F1D13A2E800948A24 /* tabbar_home_selected@3x.png */; };
		84E0BBFF1D13A2E900948A24 /* tabbar_message_center@2x.png in Resources */ = {isa = PBXBuildFile; fileRef = 84E0BB901D13A2E800948A24 /* tabbar_message_center@2x.png */; };
		84E0BC001D13A2E900948A24 /* tabbar_message_center@3x.png in Resources */ = {isa = PBXBuildFile; fileRef = 84E0BB911D13A2E800948A24 /* tabbar_message_center@3x.png */; };
		84E0BC011D13A2E900948A24 /* tabbar_message_center_highlighted@2x.png in Resources */ = {isa = PBXBuildFile; fileRef = 84E0BB921D13A2E800948A24 /* tabbar_message_center_highlighted@2x.png */; };
		84E0BC021D13A2E900948A24 /* tabbar_message_center_highlighted@3x.png in Resources */ = {isa = PBXBuildFile; fileRef = 84E0BB931D13A2E900948A24 /* tabbar_message_center_highlighted@3x.png */; };
		84E0BC031D13A2E900948A24 /* tabbar_message_center_selected@2x.png in Resources */ = {isa = PBXBuildFile; fileRef = 84E0BB941D13A2E900948A24 /* tabbar_message_center_selected@2x.png */; };
		84E0BC041D13A2E900948A24 /* tabbar_message_center_selected@3x.png in Resources */ = {isa = PBXBuildFile; fileRef = 84E0BB951D13A2E900948A24 /* tabbar_message_center_selected@3x.png */; };
		84E0BC051D13A2E900948A24 /* tabbar_more@2x.png in Resources */ = {isa = PBXBuildFile; fileRef = 84E0BB961D13A2E900948A24 /* tabbar_more@2x.png */; };
		84E0BC061D13A2E900948A24 /* tabbar_more_highlighted@2x.png in Resources */ = {isa = PBXBuildFile; fileRef = 84E0BB971D13A2E900948A24 /* tabbar_more_highlighted@2x.png */; };
		84E0BC071D13A2E900948A24 /* tabbar_more_selected@2x.png in Resources */ = {isa = PBXBuildFile; fileRef = 84E0BB981D13A2E900948A24 /* tabbar_more_selected@2x.png */; };
		84E0BC081D13A2E900948A24 /* tabbar_music@2x.png in Resources */ = {isa = PBXBuildFile; fileRef = 84E0BB991D13A2E900948A24 /* tabbar_music@2x.png */; };
		84E0BC091D13A2E900948A24 /* tabbar_music@3x.png in Resources */ = {isa = PBXBuildFile; fileRef = 84E0BB9A1D13A2E900948A24 /* tabbar_music@3x.png */; };
		84E0BC0A1D13A2E900948A24 /* tabbar_music_highlighted@2x.png in Resources */ = {isa = PBXBuildFile; fileRef = 84E0BB9B1D13A2E900948A24 /* tabbar_music_highlighted@2x.png */; };
		84E0BC0B1D13A2E900948A24 /* tabbar_music_highlighted@3x.png in Resources */ = {isa = PBXBuildFile; fileRef = 84E0BB9C1D13A2E900948A24 /* tabbar_music_highlighted@3x.png */; };
		84E0BC0C1D13A2E900948A24 /* tabbar_music_note@2x.png in Resources */ = {isa = PBXBuildFile; fileRef = 84E0BB9D1D13A2E900948A24 /* tabbar_music_note@2x.png */; };
		84E0BC0D1D13A2E900948A24 /* tabbar_music_note@3x.png in Resources */ = {isa = PBXBuildFile; fileRef = 84E0BB9E1D13A2E900948A24 /* tabbar_music_note@3x.png */; };
		84E0BC0E1D13A2E900948A24 /* tabbar_music_person@2x.png in Resources */ = {isa = PBXBuildFile; fileRef = 84E0BB9F1D13A2E900948A24 /* tabbar_music_person@2x.png */; };
		84E0BC0F1D13A2E900948A24 /* tabbar_music_person@3x.png in Resources */ = {isa = PBXBuildFile; fileRef = 84E0BBA01D13A2E900948A24 /* tabbar_music_person@3x.png */; };
		84E0BC101D13A2E900948A24 /* tabbar_music_selected@2x.png in Resources */ = {isa = PBXBuildFile; fileRef = 84E0BBA11D13A2E900948A24 /* tabbar_music_selected@2x.png */; };
		84E0BC111D13A2E900948A24 /* tabbar_music_selected@3x.png in Resources */ = {isa = PBXBuildFile; fileRef = 84E0BBA21D13A2E900948A24 /* tabbar_music_selected@3x.png */; };
		84E0BC121D13A2E900948A24 /* tabbar_profile@2x.png in Resources */ = {isa = PBXBuildFile; fileRef = 84E0BBA31D13A2E900948A24 /* tabbar_profile@2x.png */; };
		84E0BC131D13A2E900948A24 /* tabbar_profile@3x.png in Resources */ = {isa = PBXBuildFile; fileRef = 84E0BBA41D13A2E900948A24 /* tabbar_profile@3x.png */; };
		84E0BC141D13A2E900948A24 /* tabbar_profile_highlighted@2x.png in Resources */ = {isa = PBXBuildFile; fileRef = 84E0BBA51D13A2E900948A24 /* tabbar_profile_highlighted@2x.png */; };
		84E0BC151D13A2E900948A24 /* tabbar_profile_highlighted@3x.png in Resources */ = {isa = PBXBuildFile; fileRef = 84E0BBA61D13A2E900948A24 /* tabbar_profile_highlighted@3x.png */; };
		84E0BC161D13A2E900948A24 /* tabbar_profile_selected@2x.png in Resources */ = {isa = PBXBuildFile; fileRef = 84E0BBA71D13A2E900948A24 /* tabbar_profile_selected@2x.png */; };
		84E0BC171D13A2E900948A24 /* tabbar_profile_selected@3x.png in Resources */ = {isa = PBXBuildFile; fileRef = 84E0BBA81D13A2E900948A24 /* tabbar_profile_selected@3x.png */; };
		84E0BC181D13A2E900948A24 /* tabbar_shadow@2x.png in Resources */ = {isa = PBXBuildFile; fileRef = 84E0BBA91D13A2E900948A24 /* tabbar_shadow@2x.png */; };
		84E0BC191D13A2E900948A24 /* tabbar_shadow@3x.png in Resources */ = {isa = PBXBuildFile; fileRef = 84E0BBAA1D13A2E900948A24 /* tabbar_shadow@3x.png */; };
		84E0BC1A1D13A2E900948A24 /* tabbar_slider@2x.png in Resources */ = {isa = PBXBuildFile; fileRef = 84E0BBAB1D13A2E900948A24 /* tabbar_slider@2x.png */; };
		84E0BC1D1D13E7E500948A24 /* SKBadgeItem.m in Sources */ = {isa = PBXBuildFile; fileRef = 84E0BC1C1D13E7E500948A24 /* SKBadgeItem.m */; };
		84E0BC201D13E93F00948A24 /* main_badge@2x.png in Resources */ = {isa = PBXBuildFile; fileRef = 84E0BC1E1D13E93F00948A24 /* main_badge@2x.png */; };
		84E0BC211D13E93F00948A24 /* main_badge@3x.png in Resources */ = {isa = PBXBuildFile; fileRef = 84E0BC1F1D13E93F00948A24 /* main_badge@3x.png */; };
/* End PBXBuildFile section */

/* Begin PBXFileReference section */
		84D417281D17C11B00736510 /* fav02c-sheet.png */ = {isa = PBXFileReference; lastKnownFileType = image.png; path = "fav02c-sheet.png"; sourceTree = "<group>"; };
		84D417291D17C11B00736510 /* fav02c-sheet@2x.png */ = {isa = PBXFileReference; lastKnownFileType = image.png; path = "fav02c-sheet@2x.png"; sourceTree = "<group>"; };
		84D4172A1D17C11B00736510 /* fav02l-sheet.png */ = {isa = PBXFileReference; lastKnownFileType = image.png; path = "fav02l-sheet.png"; sourceTree = "<group>"; };
		84D4172B1D17C11B00736510 /* fav02l-sheet@2x.png */ = {isa = PBXFileReference; lastKnownFileType = image.png; path = "fav02l-sheet@2x.png"; sourceTree = "<group>"; };
		84E0BB141D13916000948A24 /* SKTabBar.app */ = {isa = PBXFileReference; explicitFileType = wrapper.application; includeInIndex = 0; path = SKTabBar.app; sourceTree = BUILT_PRODUCTS_DIR; };
		84E0BB181D13916000948A24 /* main.m */ = {isa = PBXFileReference; lastKnownFileType = sourcecode.c.objc; path = main.m; sourceTree = "<group>"; };
		84E0BB1A1D13916000948A24 /* AppDelegate.h */ = {isa = PBXFileReference; lastKnownFileType = sourcecode.c.h; path = AppDelegate.h; sourceTree = "<group>"; };
		84E0BB1B1D13916000948A24 /* AppDelegate.m */ = {isa = PBXFileReference; lastKnownFileType = sourcecode.c.objc; path = AppDelegate.m; sourceTree = "<group>"; };
		84E0BB231D13916000948A24 /* Assets.xcassets */ = {isa = PBXFileReference; lastKnownFileType = folder.assetcatalog; path = Assets.xcassets; sourceTree = "<group>"; };
		84E0BB261D13916000948A24 /* Base */ = {isa = PBXFileReference; lastKnownFileType = file.storyboard; name = Base; path = Base.lproj/LaunchScreen.storyboard; sourceTree = "<group>"; };
		84E0BB281D13916000948A24 /* Info.plist */ = {isa = PBXFileReference; lastKnownFileType = text.plist.xml; path = Info.plist; sourceTree = "<group>"; };
		84E0BB2F1D1391DB00948A24 /* SKTabBar.h */ = {isa = PBXFileReference; fileEncoding = 4; lastKnownFileType = sourcecode.c.h; path = SKTabBar.h; sourceTree = "<group>"; };
		84E0BB301D1391DB00948A24 /* SKTabBar.m */ = {isa = PBXFileReference; fileEncoding = 4; lastKnownFileType = sourcecode.c.objc; path = SKTabBar.m; sourceTree = "<group>"; };
		84E0BB351D13923A00948A24 /* SKTabBarController.h */ = {isa = PBXFileReference; fileEncoding = 4; lastKnownFileType = sourcecode.c.h; path = SKTabBarController.h; sourceTree = "<group>"; };
		84E0BB361D13923A00948A24 /* SKTabBarController.m */ = {isa = PBXFileReference; fileEncoding = 4; lastKnownFileType = sourcecode.c.objc; path = SKTabBarController.m; sourceTree = "<group>"; };
		84E0BB381D13939100948A24 /* SKTabBarItem.h */ = {isa = PBXFileReference; fileEncoding = 4; lastKnownFileType = sourcecode.c.h; path = SKTabBarItem.h; sourceTree = "<group>"; };
		84E0BB391D13939100948A24 /* SKTabBarItem.m */ = {isa = PBXFileReference; fileEncoding = 4; lastKnownFileType = sourcecode.c.objc; path = SKTabBarItem.m; sourceTree = "<group>"; };
		84E0BB3D1D13A2E800948A24 /* profile_relationship_tabbar_background_repeat@2x.png */ = {isa = PBXFileReference; lastKnownFileType = image.png; path = "profile_relationship_tabbar_background_repeat@2x.png"; sourceTree = "<group>"; };
		84E0BB3E1D13A2E800948A24 /* profile_relationship_tabbar_background_repeat@3x.png */ = {isa = PBXFileReference; lastKnownFileType = image.png; path = "profile_relationship_tabbar_background_repeat@3x.png"; sourceTree = "<group>"; };
		84E0BB3F1D13A2E800948A24 /* qrcode_tabbar_background@2x.png */ = {isa = PBXFileReference; lastKnownFileType = image.png; path = "qrcode_tabbar_background@2x.png"; sourceTree = "<group>"; };
		84E0BB401D13A2E800948A24 /* qrcode_tabbar_icon_barcode@2x.png */ = {isa = PBXFileReference; lastKnownFileType = image.png; path = "qrcode_tabbar_icon_barcode@2x.png"; sourceTree = "<group>"; };
		84E0BB411D13A2E800948A24 /* qrcode_tabbar_icon_barcode@3x.png */ = {isa = PBXFileReference; lastKnownFileType = image.png; path = "qrcode_tabbar_icon_barcode@3x.png"; sourceTree = "<group>"; };
		84E0BB421D13A2E800948A24 /* qrcode_tabbar_icon_barcode_highlighted@2x.png */ = {isa = PBXFileReference; lastKnownFileType = image.png; path = "qrcode_tabbar_icon_barcode_highlighted@2x.png"; sourceTree = "<group>"; };
		84E0BB431D13A2E800948A24 /* qrcode_tabbar_icon_barcode_highlighted@3x.png */ = {isa = PBXFileReference; lastKnownFileType = image.png; path = "qrcode_tabbar_icon_barcode_highlighted@3x.png"; sourceTree = "<group>"; };
		84E0BB441D13A2E800948A24 /* qrcode_tabbar_icon_qrcode@2x.png */ = {isa = PBXFileReference; lastKnownFileType = image.png; path = "qrcode_tabbar_icon_qrcode@2x.png"; sourceTree = "<group>"; };
		84E0BB451D13A2E800948A24 /* qrcode_tabbar_icon_qrcode@3x.png */ = {isa = PBXFileReference; lastKnownFileType = image.png; path = "qrcode_tabbar_icon_qrcode@3x.png"; sourceTree = "<group>"; };
		84E0BB461D13A2E800948A24 /* qrcode_tabbar_icon_qrcode_highlighted@2x.png */ = {isa = PBXFileReference; lastKnownFileType = image.png; path = "qrcode_tabbar_icon_qrcode_highlighted@2x.png"; sourceTree = "<group>"; };
		84E0BB471D13A2E800948A24 /* qrcode_tabbar_icon_qrcode_highlighted@3x.png */ = {isa = PBXFileReference; lastKnownFileType = image.png; path = "qrcode_tabbar_icon_qrcode_highlighted@3x.png"; sourceTree = "<group>"; };
		84E0BB481D13A2E800948A24 /* tabbar_background@2x.png */ = {isa = PBXFileReference; lastKnownFileType = image.png; path = "tabbar_background@2x.png"; sourceTree = "<group>"; };
		84E0BB491D13A2E800948A24 /* tabbar_background@3x.png */ = {isa = PBXFileReference; lastKnownFileType = image.png; path = "tabbar_background@3x.png"; sourceTree = "<group>"; };
		84E0BB4A1D13A2E800948A24 /* tabbar_background_os7@2x.png */ = {isa = PBXFileReference; lastKnownFileType = image.png; path = "tabbar_background_os7@2x.png"; sourceTree = "<group>"; };
		84E0BB4B1D13A2E800948A24 /* tabbar_compose_background_icon_add@2x.png */ = {isa = PBXFileReference; lastKnownFileType = image.png; path = "tabbar_compose_background_icon_add@2x.png"; sourceTree = "<group>"; };
		84E0BB4C1D13A2E800948A24 /* tabbar_compose_background_icon_add@3x.png */ = {isa = PBXFileReference; lastKnownFileType = image.png; path = "tabbar_compose_background_icon_add@3x.png"; sourceTree = "<group>"; };
		84E0BB4D1D13A2E800948A24 /* tabbar_compose_background_icon_close@2x.png */ = {isa = PBXFileReference; lastKnownFileType = image.png; path = "tabbar_compose_background_icon_close@2x.png"; sourceTree = "<group>"; };
		84E0BB4E1D13A2E800948A24 /* tabbar_compose_background_icon_close@3x.png */ = {isa = PBXFileReference; lastKnownFileType = image.png; path = "tabbar_compose_background_icon_close@3x.png"; sourceTree = "<group>"; };
		84E0BB4F1D13A2E800948A24 /* tabbar_compose_background_icon_return@2x.png */ = {isa = PBXFileReference; lastKnownFileType = image.png; path = "tabbar_compose_background_icon_return@2x.png"; sourceTree = "<group>"; };
		84E0BB501D13A2E800948A24 /* tabbar_compose_background_icon_return@3x.png */ = {isa = PBXFileReference; lastKnownFileType = image.png; path = "tabbar_compose_background_icon_return@3x.png"; sourceTree = "<group>"; };
		84E0BB511D13A2E800948A24 /* tabbar_compose_below_background@2x.png */ = {isa = PBXFileReference; lastKnownFileType = image.png; path = "tabbar_compose_below_background@2x.png"; sourceTree = "<group>"; };
		84E0BB521D13A2E800948A24 /* tabbar_compose_below_button@2x.png */ = {isa = PBXFileReference; lastKnownFileType = image.png; path = "tabbar_compose_below_button@2x.png"; sourceTree = "<group>"; };
		84E0BB531D13A2E800948A24 /* tabbar_compose_below_button_highlighted@2x.png */ = {isa = PBXFileReference; lastKnownFileType = image.png; path = "tabbar_compose_below_button_highlighted@2x.png"; sourceTree = "<group>"; };
		84E0BB541D13A2E800948A24 /* tabbar_compose_book@2x.png */ = {isa = PBXFileReference; lastKnownFileType = image.png; path = "tabbar_compose_book@2x.png"; sourceTree = "<group>"; };
		84E0BB551D13A2E800948A24 /* tabbar_compose_button@2x.png */ = {isa = PBXFileReference; lastKnownFileType = image.png; path = "tabbar_compose_button@2x.png"; sourceTree = "<group>"; };
		84E0BB561D13A2E800948A24 /* tabbar_compose_button@3x.png */ = {isa = PBXFileReference; lastKnownFileType = image.png; path = "tabbar_compose_button@3x.png"; sourceTree = "<group>"; };
		84E0BB571D13A2E800948A24 /* tabbar_compose_button_highlighted@2x.png */ = {isa = PBXFileReference; lastKnownFileType = image.png; path = "tabbar_compose_button_highlighted@2x.png"; sourceTree = "<group>"; };
		84E0BB581D13A2E800948A24 /* tabbar_compose_button_highlighted@3x.png */ = {isa = PBXFileReference; lastKnownFileType = image.png; path = "tabbar_compose_button_highlighted@3x.png"; sourceTree = "<group>"; };
		84E0BB591D13A2E800948A24 /* tabbar_compose_camera@2x.png */ = {isa = PBXFileReference; lastKnownFileType = image.png; path = "tabbar_compose_camera@2x.png"; sourceTree = "<group>"; };
		84E0BB5A1D13A2E800948A24 /* tabbar_compose_camera@3x.png */ = {isa = PBXFileReference; lastKnownFileType = image.png; path = "tabbar_compose_camera@3x.png"; sourceTree = "<group>"; };
		84E0BB5B1D13A2E800948A24 /* tabbar_compose_delete@2x.png */ = {isa = PBXFileReference; lastKnownFileType = image.png; path = "tabbar_compose_delete@2x.png"; sourceTree = "<group>"; };
		84E0BB5C1D13A2E800948A24 /* tabbar_compose_delete@3x.png */ = {isa = PBXFileReference; lastKnownFileType = image.png; path = "tabbar_compose_delete@3x.png"; sourceTree = "<group>"; };
		84E0BB5D1D13A2E800948A24 /* tabbar_compose_envelope@2x.png */ = {isa = PBXFileReference; lastKnownFileType = image.png; path = "tabbar_compose_envelope@2x.png"; sourceTree = "<group>"; };
		84E0BB5E1D13A2E800948A24 /* tabbar_compose_friend@2x.png */ = {isa = PBXFileReference; lastKnownFileType = image.png; path = "tabbar_compose_friend@2x.png"; sourceTree = "<group>"; };
		84E0BB5F1D13A2E800948A24 /* tabbar_compose_friend@3x.png */ = {isa = PBXFileReference; lastKnownFileType = image.png; path = "tabbar_compose_friend@3x.png"; sourceTree = "<group>"; };
		84E0BB601D13A2E800948A24 /* tabbar_compose_headlines@2x.png */ = {isa = PBXFileReference; lastKnownFileType = image.png; path = "tabbar_compose_headlines@2x.png"; sourceTree = "<group>"; };
		84E0BB611D13A2E800948A24 /* tabbar_compose_headlines@3x.png */ = {isa = PBXFileReference; lastKnownFileType = image.png; path = "tabbar_compose_headlines@3x.png"; sourceTree = "<group>"; };
		84E0BB621D13A2E800948A24 /* tabbar_compose_icon_add@2x.png */ = {isa = PBXFileReference; lastKnownFileType = image.png; path = "tabbar_compose_icon_add@2x.png"; sourceTree = "<group>"; };
		84E0BB631D13A2E800948A24 /* tabbar_compose_icon_add@3x.png */ = {isa = PBXFileReference; lastKnownFileType = image.png; path = "tabbar_compose_icon_add@3x.png"; sourceTree = "<group>"; };
		84E0BB641D13A2E800948A24 /* tabbar_compose_icon_add_highlighted@2x.png */ = {isa = PBXFileReference; lastKnownFileType = image.png; path = "tabbar_compose_icon_add_highlighted@2x.png"; sourceTree = "<group>"; };
		84E0BB651D13A2E800948A24 /* tabbar_compose_icon_add_highlighted@3x.png */ = {isa = PBXFileReference; lastKnownFileType = image.png; path = "tabbar_compose_icon_add_highlighted@3x.png"; sourceTree = "<group>"; };
		84E0BB661D13A2E800948A24 /* tabbar_compose_idea@2x.png */ = {isa = PBXFileReference; lastKnownFileType = image.png; path = "tabbar_compose_idea@2x.png"; sourceTree = "<group>"; };
		84E0BB671D13A2E800948A24 /* tabbar_compose_idea@3x.png */ = {isa = PBXFileReference; lastKnownFileType = image.png; path = "tabbar_compose_idea@3x.png"; sourceTree = "<group>"; };
		84E0BB681D13A2E800948A24 /* tabbar_compose_lbs@2x.png */ = {isa = PBXFileReference; lastKnownFileType = image.png; path = "tabbar_compose_lbs@2x.png"; sourceTree = "<group>"; };
		84E0BB691D13A2E800948A24 /* tabbar_compose_lbs@3x.png */ = {isa = PBXFileReference; lastKnownFileType = image.png; path = "tabbar_compose_lbs@3x.png"; sourceTree = "<group>"; };
		84E0BB6A1D13A2E800948A24 /* tabbar_compose_left_button@2x.png */ = {isa = PBXFileReference; lastKnownFileType = image.png; path = "tabbar_compose_left_button@2x.png"; sourceTree = "<group>"; };
		84E0BB6B1D13A2E800948A24 /* tabbar_compose_left_button_highlighted@2x.png */ = {isa = PBXFileReference; lastKnownFileType = image.png; path = "tabbar_compose_left_button_highlighted@2x.png"; sourceTree = "<group>"; };
		84E0BB6C1D13A2E800948A24 /* tabbar_compose_more@2x.png */ = {isa = PBXFileReference; lastKnownFileType = image.png; path = "tabbar_compose_more@2x.png"; sourceTree = "<group>"; };
		84E0BB6D1D13A2E800948A24 /* tabbar_compose_more@3x.png */ = {isa = PBXFileReference; lastKnownFileType = image.png; path = "tabbar_compose_more@3x.png"; sourceTree = "<group>"; };
		84E0BB6E1D13A2E800948A24 /* tabbar_compose_more_mask@2x.png */ = {isa = PBXFileReference; lastKnownFileType = image.png; path = "tabbar_compose_more_mask@2x.png"; sourceTree = "<group>"; };
		84E0BB6F1D13A2E800948A24 /* tabbar_compose_music@2x.png */ = {isa = PBXFileReference; lastKnownFileType = image.png; path = "tabbar_compose_music@2x.png"; sourceTree = "<group>"; };
		84E0BB701D13A2E800948A24 /* tabbar_compose_music@3x.png */ = {isa = PBXFileReference; lastKnownFileType = image.png; path = "tabbar_compose_music@3x.png"; sourceTree = "<group>"; };
		84E0BB711D13A2E800948A24 /* tabbar_compose_notloaded@2x.png */ = {isa = PBXFileReference; lastKnownFileType = image.png; path = "tabbar_compose_notloaded@2x.png"; sourceTree = "<group>"; };
		84E0BB721D13A2E800948A24 /* tabbar_compose_photo@2x.png */ = {isa = PBXFileReference; lastKnownFileType = image.png; path = "tabbar_compose_photo@2x.png"; sourceTree = "<group>"; };
		84E0BB731D13A2E800948A24 /* tabbar_compose_photo@3x.png */ = {isa = PBXFileReference; lastKnownFileType = image.png; path = "tabbar_compose_photo@3x.png"; sourceTree = "<group>"; };
		84E0BB741D13A2E800948A24 /* tabbar_compose_productrelease@2x.png */ = {isa = PBXFileReference; lastKnownFileType = image.png; path = "tabbar_compose_productrelease@2x.png"; sourceTree = "<group>"; };
		84E0BB751D13A2E800948A24 /* tabbar_compose_productrelease@3x.png */ = {isa = PBXFileReference; lastKnownFileType = image.png; path = "tabbar_compose_productrelease@3x.png"; sourceTree = "<group>"; };
		84E0BB761D13A2E800948A24 /* tabbar_compose_review@2x.png */ = {isa = PBXFileReference; lastKnownFileType = image.png; path = "tabbar_compose_review@2x.png"; sourceTree = "<group>"; };
		84E0BB771D13A2E800948A24 /* tabbar_compose_review@3x.png */ = {isa = PBXFileReference; lastKnownFileType = image.png; path = "tabbar_compose_review@3x.png"; sourceTree = "<group>"; };
		84E0BB781D13A2E800948A24 /* tabbar_compose_right_button@2x.png */ = {isa = PBXFileReference; lastKnownFileType = image.png; path = "tabbar_compose_right_button@2x.png"; sourceTree = "<group>"; };
		84E0BB791D13A2E800948A24 /* tabbar_compose_right_button_highlighted@2x.png */ = {isa = PBXFileReference; lastKnownFileType = image.png; path = "tabbar_compose_right_button_highlighted@2x.png"; sourceTree = "<group>"; };
		84E0BB7A1D13A2E800948A24 /* tabbar_compose_shooting@2x.png */ = {isa = PBXFileReference; lastKnownFileType = image.png; path = "tabbar_compose_shooting@2x.png"; sourceTree = "<group>"; };
		84E0BB7B1D13A2E800948A24 /* tabbar_compose_shooting@3x.png */ = {isa = PBXFileReference; lastKnownFileType = image.png; path = "tabbar_compose_shooting@3x.png"; sourceTree = "<group>"; };
		84E0BB7C1D13A2E800948A24 /* tabbar_compose_transfer@3x.png */ = {isa = PBXFileReference; lastKnownFileType = image.png; path = "tabbar_compose_transfer@3x.png"; sourceTree = "<group>"; };
		84E0BB7D1D13A2E800948A24 /* tabbar_compose_video@2x.png */ = {isa = PBXFileReference; lastKnownFileType = image.png; path = "tabbar_compose_video@2x.png"; sourceTree = "<group>"; };
		84E0BB7E1D13A2E800948A24 /* tabbar_compose_voice@2x.png */ = {isa = PBXFileReference; lastKnownFileType = image.png; path = "tabbar_compose_voice@2x.png"; sourceTree = "<group>"; };
		84E0BB7F1D13A2E800948A24 /* tabbar_compose_voice@3x.png */ = {isa = PBXFileReference; lastKnownFileType = image.png; path = "tabbar_compose_voice@3x.png"; sourceTree = "<group>"; };
		84E0BB801D13A2E800948A24 /* tabbar_compose_wbcamera@2x.png */ = {isa = PBXFileReference; lastKnownFileType = image.png; path = "tabbar_compose_wbcamera@2x.png"; sourceTree = "<group>"; };
		84E0BB811D13A2E800948A24 /* tabbar_compose_wbcamera@3x.png */ = {isa = PBXFileReference; lastKnownFileType = image.png; path = "tabbar_compose_wbcamera@3x.png"; sourceTree = "<group>"; };
		84E0BB821D13A2E800948A24 /* tabbar_compose_weibo@2x.png */ = {isa = PBXFileReference; lastKnownFileType = image.png; path = "tabbar_compose_weibo@2x.png"; sourceTree = "<group>"; };
		84E0BB831D13A2E800948A24 /* tabbar_compose_weibo@3x.png */ = {isa = PBXFileReference; lastKnownFileType = image.png; path = "tabbar_compose_weibo@3x.png"; sourceTree = "<group>"; };
		84E0BB841D13A2E800948A24 /* tabbar_discover@2x.png */ = {isa = PBXFileReference; lastKnownFileType = image.png; path = "tabbar_discover@2x.png"; sourceTree = "<group>"; };
		84E0BB851D13A2E800948A24 /* tabbar_discover@3x.png */ = {isa = PBXFileReference; lastKnownFileType = image.png; path = "tabbar_discover@3x.png"; sourceTree = "<group>"; };
		84E0BB861D13A2E800948A24 /* tabbar_discover_highlighted@2x.png */ = {isa = PBXFileReference; lastKnownFileType = image.png; path = "tabbar_discover_highlighted@2x.png"; sourceTree = "<group>"; };
		84E0BB871D13A2E800948A24 /* tabbar_discover_highlighted@3x.png */ = {isa = PBXFileReference; lastKnownFileType = image.png; path = "tabbar_discover_highlighted@3x.png"; sourceTree = "<group>"; };
		84E0BB881D13A2E800948A24 /* tabbar_discover_selected@2x.png */ = {isa = PBXFileReference; lastKnownFileType = image.png; path = "tabbar_discover_selected@2x.png"; sourceTree = "<group>"; };
		84E0BB891D13A2E800948A24 /* tabbar_discover_selected@3x.png */ = {isa = PBXFileReference; lastKnownFileType = image.png; path = "tabbar_discover_selected@3x.png"; sourceTree = "<group>"; };
		84E0BB8A1D13A2E800948A24 /* tabbar_home@2x.png */ = {isa = PBXFileReference; lastKnownFileType = image.png; path = "tabbar_home@2x.png"; sourceTree = "<group>"; };
		84E0BB8B1D13A2E800948A24 /* tabbar_home@3x.png */ = {isa = PBXFileReference; lastKnownFileType = image.png; path = "tabbar_home@3x.png"; sourceTree = "<group>"; };
		84E0BB8C1D13A2E800948A24 /* tabbar_home_highlighted@2x.png */ = {isa = PBXFileReference; lastKnownFileType = image.png; path = "tabbar_home_highlighted@2x.png"; sourceTree = "<group>"; };
		84E0BB8D1D13A2E800948A24 /* tabbar_home_highlighted@3x.png */ = {isa = PBXFileReference; lastKnownFileType = image.png; path = "tabbar_home_highlighted@3x.png"; sourceTree = "<group>"; };
		84E0BB8E1D13A2E800948A24 /* tabbar_home_selected@2x.png */ = {isa = PBXFileReference; lastKnownFileType = image.png; path = "tabbar_home_selected@2x.png"; sourceTree = "<group>"; };
		84E0BB8F1D13A2E800948A24 /* tabbar_home_selected@3x.png */ = {isa = PBXFileReference; lastKnownFileType = image.png; path = "tabbar_home_selected@3x.png"; sourceTree = "<group>"; };
		84E0BB901D13A2E800948A24 /* tabbar_message_center@2x.png */ = {isa = PBXFileReference; lastKnownFileType = image.png; path = "tabbar_message_center@2x.png"; sourceTree = "<group>"; };
		84E0BB911D13A2E800948A24 /* tabbar_message_center@3x.png */ = {isa = PBXFileReference; lastKnownFileType = image.png; path = "tabbar_message_center@3x.png"; sourceTree = "<group>"; };
		84E0BB921D13A2E800948A24 /* tabbar_message_center_highlighted@2x.png */ = {isa = PBXFileReference; lastKnownFileType = image.png; path = "tabbar_message_center_highlighted@2x.png"; sourceTree = "<group>"; };
		84E0BB931D13A2E900948A24 /* tabbar_message_center_highlighted@3x.png */ = {isa = PBXFileReference; lastKnownFileType = image.png; path = "tabbar_message_center_highlighted@3x.png"; sourceTree = "<group>"; };
		84E0BB941D13A2E900948A24 /* tabbar_message_center_selected@2x.png */ = {isa = PBXFileReference; lastKnownFileType = image.png; path = "tabbar_message_center_selected@2x.png"; sourceTree = "<group>"; };
		84E0BB951D13A2E900948A24 /* tabbar_message_center_selected@3x.png */ = {isa = PBXFileReference; lastKnownFileType = image.png; path = "tabbar_message_center_selected@3x.png"; sourceTree = "<group>"; };
		84E0BB961D13A2E900948A24 /* tabbar_more@2x.png */ = {isa = PBXFileReference; lastKnownFileType = image.png; path = "tabbar_more@2x.png"; sourceTree = "<group>"; };
		84E0BB971D13A2E900948A24 /* tabbar_more_highlighted@2x.png */ = {isa = PBXFileReference; lastKnownFileType = image.png; path = "tabbar_more_highlighted@2x.png"; sourceTree = "<group>"; };
		84E0BB981D13A2E900948A24 /* tabbar_more_selected@2x.png */ = {isa = PBXFileReference; lastKnownFileType = image.png; path = "tabbar_more_selected@2x.png"; sourceTree = "<group>"; };
		84E0BB991D13A2E900948A24 /* tabbar_music@2x.png */ = {isa = PBXFileReference; lastKnownFileType = image.png; path = "tabbar_music@2x.png"; sourceTree = "<group>"; };
		84E0BB9A1D13A2E900948A24 /* tabbar_music@3x.png */ = {isa = PBXFileReference; lastKnownFileType = image.png; path = "tabbar_music@3x.png"; sourceTree = "<group>"; };
		84E0BB9B1D13A2E900948A24 /* tabbar_music_highlighted@2x.png */ = {isa = PBXFileReference; lastKnownFileType = image.png; path = "tabbar_music_highlighted@2x.png"; sourceTree = "<group>"; };
		84E0BB9C1D13A2E900948A24 /* tabbar_music_highlighted@3x.png */ = {isa = PBXFileReference; lastKnownFileType = image.png; path = "tabbar_music_highlighted@3x.png"; sourceTree = "<group>"; };
		84E0BB9D1D13A2E900948A24 /* tabbar_music_note@2x.png */ = {isa = PBXFileReference; lastKnownFileType = image.png; path = "tabbar_music_note@2x.png"; sourceTree = "<group>"; };
		84E0BB9E1D13A2E900948A24 /* tabbar_music_note@3x.png */ = {isa = PBXFileReference; lastKnownFileType = image.png; path = "tabbar_music_note@3x.png"; sourceTree = "<group>"; };
		84E0BB9F1D13A2E900948A24 /* tabbar_music_person@2x.png */ = {isa = PBXFileReference; lastKnownFileType = image.png; path = "tabbar_music_person@2x.png"; sourceTree = "<group>"; };
		84E0BBA01D13A2E900948A24 /* tabbar_music_person@3x.png */ = {isa = PBXFileReference; lastKnownFileType = image.png; path = "tabbar_music_person@3x.png"; sourceTree = "<group>"; };
		84E0BBA11D13A2E900948A24 /* tabbar_music_selected@2x.png */ = {isa = PBXFileReference; lastKnownFileType = image.png; path = "tabbar_music_selected@2x.png"; sourceTree = "<group>"; };
		84E0BBA21D13A2E900948A24 /* tabbar_music_selected@3x.png */ = {isa = PBXFileReference; lastKnownFileType = image.png; path = "tabbar_music_selected@3x.png"; sourceTree = "<group>"; };
		84E0BBA31D13A2E900948A24 /* tabbar_profile@2x.png */ = {isa = PBXFileReference; lastKnownFileType = image.png; path = "tabbar_profile@2x.png"; sourceTree = "<group>"; };
		84E0BBA41D13A2E900948A24 /* tabbar_profile@3x.png */ = {isa = PBXFileReference; lastKnownFileType = image.png; path = "tabbar_profile@3x.png"; sourceTree = "<group>"; };
		84E0BBA51D13A2E900948A24 /* tabbar_profile_highlighted@2x.png */ = {isa = PBXFileReference; lastKnownFileType = image.png; path = "tabbar_profile_highlighted@2x.png"; sourceTree = "<group>"; };
		84E0BBA61D13A2E900948A24 /* tabbar_profile_highlighted@3x.png */ = {isa = PBXFileReference; lastKnownFileType = image.png; path = "tabbar_profile_highlighted@3x.png"; sourceTree = "<group>"; };
		84E0BBA71D13A2E900948A24 /* tabbar_profile_selected@2x.png */ = {isa = PBXFileReference; lastKnownFileType = image.png; path = "tabbar_profile_selected@2x.png"; sourceTree = "<group>"; };
		84E0BBA81D13A2E900948A24 /* tabbar_profile_selected@3x.png */ = {isa = PBXFileReference; lastKnownFileType = image.png; path = "tabbar_profile_selected@3x.png"; sourceTree = "<group>"; };
		84E0BBA91D13A2E900948A24 /* tabbar_shadow@2x.png */ = {isa = PBXFileReference; lastKnownFileType = image.png; path = "tabbar_shadow@2x.png"; sourceTree = "<group>"; };
		84E0BBAA1D13A2E900948A24 /* tabbar_shadow@3x.png */ = {isa = PBXFileReference; lastKnownFileType = image.png; path = "tabbar_shadow@3x.png"; sourceTree = "<group>"; };
		84E0BBAB1D13A2E900948A24 /* tabbar_slider@2x.png */ = {isa = PBXFileReference; lastKnownFileType = image.png; path = "tabbar_slider@2x.png"; sourceTree = "<group>"; };
		84E0BC1B1D13E7E500948A24 /* SKBadgeItem.h */ = {isa = PBXFileReference; fileEncoding = 4; lastKnownFileType = sourcecode.c.h; path = SKBadgeItem.h; sourceTree = "<group>"; };
		84E0BC1C1D13E7E500948A24 /* SKBadgeItem.m */ = {isa = PBXFileReference; fileEncoding = 4; lastKnownFileType = sourcecode.c.objc; path = SKBadgeItem.m; sourceTree = "<group>"; };
		84E0BC1E1D13E93F00948A24 /* main_badge@2x.png */ = {isa = PBXFileReference; lastKnownFileType = image.png; path = "main_badge@2x.png"; sourceTree = "<group>"; };
		84E0BC1F1D13E93F00948A24 /* main_badge@3x.png */ = {isa = PBXFileReference; lastKnownFileType = image.png; path = "main_badge@3x.png"; sourceTree = "<group>"; };
/* End PBXFileReference section */

/* Begin PBXFrameworksBuildPhase section */
		84E0BB111D13916000948A24 /* Frameworks */ = {
			isa = PBXFrameworksBuildPhase;
			buildActionMask = 2147483647;
			files = (
			);
			runOnlyForDeploymentPostprocessing = 0;
		};
/* End PBXFrameworksBuildPhase section */

/* Begin PBXGroup section */
		84E0BB0B1D13916000948A24 = {
			isa = PBXGroup;
			children = (
				84E0BB161D13916000948A24 /* SKTabBar */,
				84E0BB151D13916000948A24 /* Products */,
			);
			sourceTree = "<group>";
		};
		84E0BB151D13916000948A24 /* Products */ = {
			isa = PBXGroup;
			children = (
				84E0BB141D13916000948A24 /* SKTabBar.app */,
			);
			name = Products;
			sourceTree = "<group>";
		};
		84E0BB161D13916000948A24 /* SKTabBar */ = {
			isa = PBXGroup;
			children = (
				84E0BB2E1D1391C800948A24 /* SKTabBar */,
				84E0BB1A1D13916000948A24 /* AppDelegate.h */,
				84E0BB1B1D13916000948A24 /* AppDelegate.m */,
				84E0BB231D13916000948A24 /* Assets.xcassets */,
				84E0BB3B1D13A2E800948A24 /* Image */,
				84E0BB251D13916000948A24 /* LaunchScreen.storyboard */,
				84E0BB281D13916000948A24 /* Info.plist */,
				84E0BB171D13916000948A24 /* Supporting Files */,
			);
			path = SKTabBar;
			sourceTree = "<group>";
		};
		84E0BB171D13916000948A24 /* Supporting Files */ = {
			isa = PBXGroup;
			children = (
				84E0BB181D13916000948A24 /* main.m */,
			);
			name = "Supporting Files";
			sourceTree = "<group>";
		};
		84E0BB2E1D1391C800948A24 /* SKTabBar */ = {
			isa = PBXGroup;
			children = (
				84E0BB2F1D1391DB00948A24 /* SKTabBar.h */,
				84E0BB301D1391DB00948A24 /* SKTabBar.m */,
				84E0BB381D13939100948A24 /* SKTabBarItem.h */,
				84E0BB391D13939100948A24 /* SKTabBarItem.m */,
				84E0BC1B1D13E7E500948A24 /* SKBadgeItem.h */,
				84E0BC1C1D13E7E500948A24 /* SKBadgeItem.m */,
				84E0BB351D13923A00948A24 /* SKTabBarController.h */,
				84E0BB361D13923A00948A24 /* SKTabBarController.m */,
			);
			path = SKTabBar;
			sourceTree = "<group>";
		};
		84E0BB3B1D13A2E800948A24 /* Image */ = {
			isa = PBXGroup;
			children = (
				84E0BB3C1D13A2E800948A24 /* TabBar */,
			);
			path = Image;
			sourceTree = "<group>";
		};
		84E0BB3C1D13A2E800948A24 /* TabBar */ = {
			isa = PBXGroup;
			children = (
				84D417281D17C11B00736510 /* fav02c-sheet.png */,
				84D417291D17C11B00736510 /* fav02c-sheet@2x.png */,
				84D4172A1D17C11B00736510 /* fav02l-sheet.png */,
				84D4172B1D17C11B00736510 /* fav02l-sheet@2x.png */,
				84E0BC1E1D13E93F00948A24 /* main_badge@2x.png */,
				84E0BC1F1D13E93F00948A24 /* main_badge@3x.png */,
				84E0BB3D1D13A2E800948A24 /* profile_relationship_tabbar_background_repeat@2x.png */,
				84E0BB3E1D13A2E800948A24 /* profile_relationship_tabbar_background_repeat@3x.png */,
				84E0BB3F1D13A2E800948A24 /* qrcode_tabbar_background@2x.png */,
				84E0BB401D13A2E800948A24 /* qrcode_tabbar_icon_barcode@2x.png */,
				84E0BB411D13A2E800948A24 /* qrcode_tabbar_icon_barcode@3x.png */,
				84E0BB421D13A2E800948A24 /* qrcode_tabbar_icon_barcode_highlighted@2x.png */,
				84E0BB431D13A2E800948A24 /* qrcode_tabbar_icon_barcode_highlighted@3x.png */,
				84E0BB441D13A2E800948A24 /* qrcode_tabbar_icon_qrcode@2x.png */,
				84E0BB451D13A2E800948A24 /* qrcode_tabbar_icon_qrcode@3x.png */,
				84E0BB461D13A2E800948A24 /* qrcode_tabbar_icon_qrcode_highlighted@2x.png */,
				84E0BB471D13A2E800948A24 /* qrcode_tabbar_icon_qrcode_highlighted@3x.png */,
				84E0BB481D13A2E800948A24 /* tabbar_background@2x.png */,
				84E0BB491D13A2E800948A24 /* tabbar_background@3x.png */,
				84E0BB4A1D13A2E800948A24 /* tabbar_background_os7@2x.png */,
				84E0BB4B1D13A2E800948A24 /* tabbar_compose_background_icon_add@2x.png */,
				84E0BB4C1D13A2E800948A24 /* tabbar_compose_background_icon_add@3x.png */,
				84E0BB4D1D13A2E800948A24 /* tabbar_compose_background_icon_close@2x.png */,
				84E0BB4E1D13A2E800948A24 /* tabbar_compose_background_icon_close@3x.png */,
				84E0BB4F1D13A2E800948A24 /* tabbar_compose_background_icon_return@2x.png */,
				84E0BB501D13A2E800948A24 /* tabbar_compose_background_icon_return@3x.png */,
				84E0BB511D13A2E800948A24 /* tabbar_compose_below_background@2x.png */,
				84E0BB521D13A2E800948A24 /* tabbar_compose_below_button@2x.png */,
				84E0BB531D13A2E800948A24 /* tabbar_compose_below_button_highlighted@2x.png */,
				84E0BB541D13A2E800948A24 /* tabbar_compose_book@2x.png */,
				84E0BB551D13A2E800948A24 /* tabbar_compose_button@2x.png */,
				84E0BB561D13A2E800948A24 /* tabbar_compose_button@3x.png */,
				84E0BB571D13A2E800948A24 /* tabbar_compose_button_highlighted@2x.png */,
				84E0BB581D13A2E800948A24 /* tabbar_compose_button_highlighted@3x.png */,
				84E0BB591D13A2E800948A24 /* tabbar_compose_camera@2x.png */,
				84E0BB5A1D13A2E800948A24 /* tabbar_compose_camera@3x.png */,
				84E0BB5B1D13A2E800948A24 /* tabbar_compose_delete@2x.png */,
				84E0BB5C1D13A2E800948A24 /* tabbar_compose_delete@3x.png */,
				84E0BB5D1D13A2E800948A24 /* tabbar_compose_envelope@2x.png */,
				84E0BB5E1D13A2E800948A24 /* tabbar_compose_friend@2x.png */,
				84E0BB5F1D13A2E800948A24 /* tabbar_compose_friend@3x.png */,
				84E0BB601D13A2E800948A24 /* tabbar_compose_headlines@2x.png */,
				84E0BB611D13A2E800948A24 /* tabbar_compose_headlines@3x.png */,
				84E0BB621D13A2E800948A24 /* tabbar_compose_icon_add@2x.png */,
				84E0BB631D13A2E800948A24 /* tabbar_compose_icon_add@3x.png */,
				84E0BB641D13A2E800948A24 /* tabbar_compose_icon_add_highlighted@2x.png */,
				84E0BB651D13A2E800948A24 /* tabbar_compose_icon_add_highlighted@3x.png */,
				84E0BB661D13A2E800948A24 /* tabbar_compose_idea@2x.png */,
				84E0BB671D13A2E800948A24 /* tabbar_compose_idea@3x.png */,
				84E0BB681D13A2E800948A24 /* tabbar_compose_lbs@2x.png */,
				84E0BB691D13A2E800948A24 /* tabbar_compose_lbs@3x.png */,
				84E0BB6A1D13A2E800948A24 /* tabbar_compose_left_button@2x.png */,
				84E0BB6B1D13A2E800948A24 /* tabbar_compose_left_button_highlighted@2x.png */,
				84E0BB6C1D13A2E800948A24 /* tabbar_compose_more@2x.png */,
				84E0BB6D1D13A2E800948A24 /* tabbar_compose_more@3x.png */,
				84E0BB6E1D13A2E800948A24 /* tabbar_compose_more_mask@2x.png */,
				84E0BB6F1D13A2E800948A24 /* tabbar_compose_music@2x.png */,
				84E0BB701D13A2E800948A24 /* tabbar_compose_music@3x.png */,
				84E0BB711D13A2E800948A24 /* tabbar_compose_notloaded@2x.png */,
				84E0BB721D13A2E800948A24 /* tabbar_compose_photo@2x.png */,
				84E0BB731D13A2E800948A24 /* tabbar_compose_photo@3x.png */,
				84E0BB741D13A2E800948A24 /* tabbar_compose_productrelease@2x.png */,
				84E0BB751D13A2E800948A24 /* tabbar_compose_productrelease@3x.png */,
				84E0BB761D13A2E800948A24 /* tabbar_compose_review@2x.png */,
				84E0BB771D13A2E800948A24 /* tabbar_compose_review@3x.png */,
				84E0BB781D13A2E800948A24 /* tabbar_compose_right_button@2x.png */,
				84E0BB791D13A2E800948A24 /* tabbar_compose_right_button_highlighted@2x.png */,
				84E0BB7A1D13A2E800948A24 /* tabbar_compose_shooting@2x.png */,
				84E0BB7B1D13A2E800948A24 /* tabbar_compose_shooting@3x.png */,
				84E0BB7C1D13A2E800948A24 /* tabbar_compose_transfer@3x.png */,
				84E0BB7D1D13A2E800948A24 /* tabbar_compose_video@2x.png */,
				84E0BB7E1D13A2E800948A24 /* tabbar_compose_voice@2x.png */,
				84E0BB7F1D13A2E800948A24 /* tabbar_compose_voice@3x.png */,
				84E0BB801D13A2E800948A24 /* tabbar_compose_wbcamera@2x.png */,
				84E0BB811D13A2E800948A24 /* tabbar_compose_wbcamera@3x.png */,
				84E0BB821D13A2E800948A24 /* tabbar_compose_weibo@2x.png */,
				84E0BB831D13A2E800948A24 /* tabbar_compose_weibo@3x.png */,
				84E0BB841D13A2E800948A24 /* tabbar_discover@2x.png */,
				84E0BB851D13A2E800948A24 /* tabbar_discover@3x.png */,
				84E0BB861D13A2E800948A24 /* tabbar_discover_highlighted@2x.png */,
				84E0BB871D13A2E800948A24 /* tabbar_discover_highlighted@3x.png */,
				84E0BB881D13A2E800948A24 /* tabbar_discover_selected@2x.png */,
				84E0BB891D13A2E800948A24 /* tabbar_discover_selected@3x.png */,
				84E0BB8A1D13A2E800948A24 /* tabbar_home@2x.png */,
				84E0BB8B1D13A2E800948A24 /* tabbar_home@3x.png */,
				84E0BB8C1D13A2E800948A24 /* tabbar_home_highlighted@2x.png */,
				84E0BB8D1D13A2E800948A24 /* tabbar_home_highlighted@3x.png */,
				84E0BB8E1D13A2E800948A24 /* tabbar_home_selected@2x.png */,
				84E0BB8F1D13A2E800948A24 /* tabbar_home_selected@3x.png */,
				84E0BB901D13A2E800948A24 /* tabbar_message_center@2x.png */,
				84E0BB911D13A2E800948A24 /* tabbar_message_center@3x.png */,
				84E0BB921D13A2E800948A24 /* tabbar_message_center_highlighted@2x.png */,
				84E0BB931D13A2E900948A24 /* tabbar_message_center_highlighted@3x.png */,
				84E0BB941D13A2E900948A24 /* tabbar_message_center_selected@2x.png */,
				84E0BB951D13A2E900948A24 /* tabbar_message_center_selected@3x.png */,
				84E0BB961D13A2E900948A24 /* tabbar_more@2x.png */,
				84E0BB971D13A2E900948A24 /* tabbar_more_highlighted@2x.png */,
				84E0BB981D13A2E900948A24 /* tabbar_more_selected@2x.png */,
				84E0BB991D13A2E900948A24 /* tabbar_music@2x.png */,
				84E0BB9A1D13A2E900948A24 /* tabbar_music@3x.png */,
				84E0BB9B1D13A2E900948A24 /* tabbar_music_highlighted@2x.png */,
				84E0BB9C1D13A2E900948A24 /* tabbar_music_highlighted@3x.png */,
				84E0BB9D1D13A2E900948A24 /* tabbar_music_note@2x.png */,
				84E0BB9E1D13A2E900948A24 /* tabbar_music_note@3x.png */,
				84E0BB9F1D13A2E900948A24 /* tabbar_music_person@2x.png */,
				84E0BBA01D13A2E900948A24 /* tabbar_music_person@3x.png */,
				84E0BBA11D13A2E900948A24 /* tabbar_music_selected@2x.png */,
				84E0BBA21D13A2E900948A24 /* tabbar_music_selected@3x.png */,
				84E0BBA31D13A2E900948A24 /* tabbar_profile@2x.png */,
				84E0BBA41D13A2E900948A24 /* tabbar_profile@3x.png */,
				84E0BBA51D13A2E900948A24 /* tabbar_profile_highlighted@2x.png */,
				84E0BBA61D13A2E900948A24 /* tabbar_profile_highlighted@3x.png */,
				84E0BBA71D13A2E900948A24 /* tabbar_profile_selected@2x.png */,
				84E0BBA81D13A2E900948A24 /* tabbar_profile_selected@3x.png */,
				84E0BBA91D13A2E900948A24 /* tabbar_shadow@2x.png */,
				84E0BBAA1D13A2E900948A24 /* tabbar_shadow@3x.png */,
				84E0BBAB1D13A2E900948A24 /* tabbar_slider@2x.png */,
			);
			path = TabBar;
			sourceTree = "<group>";
		};
/* End PBXGroup section */

/* Begin PBXNativeTarget section */
		84E0BB131D13916000948A24 /* SKTabBar */ = {
			isa = PBXNativeTarget;
			buildConfigurationList = 84E0BB2B1D13916000948A24 /* Build configuration list for PBXNativeTarget "SKTabBar" */;
			buildPhases = (
				84E0BB101D13916000948A24 /* Sources */,
				84E0BB111D13916000948A24 /* Frameworks */,
				84E0BB121D13916000948A24 /* Resources */,
			);
			buildRules = (
			);
			dependencies = (
			);
			name = SKTabBar;
			productName = SKTabBar;
			productReference = 84E0BB141D13916000948A24 /* SKTabBar.app */;
			productType = "com.apple.product-type.application";
		};
/* End PBXNativeTarget section */

/* Begin PBXProject section */
		84E0BB0C1D13916000948A24 /* Project object */ = {
			isa = PBXProject;
			attributes = {
				LastUpgradeCheck = 0730;
				ORGANIZATIONNAME = SoKon;
				TargetAttributes = {
					84E0BB131D13916000948A24 = {
						CreatedOnToolsVersion = 7.3.1;
					};
				};
			};
			buildConfigurationList = 84E0BB0F1D13916000948A24 /* Build configuration list for PBXProject "SKTabBar" */;
			compatibilityVersion = "Xcode 3.2";
			developmentRegion = English;
			hasScannedForEncodings = 0;
			knownRegions = (
				en,
				Base,
			);
			mainGroup = 84E0BB0B1D13916000948A24;
			productRefGroup = 84E0BB151D13916000948A24 /* Products */;
			projectDirPath = "";
			projectRoot = "";
			targets = (
				84E0BB131D13916000948A24 /* SKTabBar */,
			);
		};
/* End PBXProject section */

/* Begin PBXResourcesBuildPhase section */
		84E0BB121D13916000948A24 /* Resources */ = {
			isa = PBXResourcesBuildPhase;
			buildActionMask = 2147483647;
			files = (
				84E0BBB41D13A2E900948A24 /* qrcode_tabbar_icon_qrcode@3x.png in Resources */,
				84E0BC151D13A2E900948A24 /* tabbar_profile_highlighted@3x.png in Resources */,
				84E0BC051D13A2E900948A24 /* tabbar_more@2x.png in Resources */,
				84E0BC191D13A2E900948A24 /* tabbar_shadow@3x.png in Resources */,
				84E0BBE41D13A2E900948A24 /* tabbar_compose_productrelease@3x.png in Resources */,
				84E0BBAC1D13A2E900948A24 /* profile_relationship_tabbar_background_repeat@2x.png in Resources */,
				84E0BBB71D13A2E900948A24 /* tabbar_background@2x.png in Resources */,
				84E0BBC91D13A2E900948A24 /* tabbar_compose_camera@3x.png in Resources */,
				84E0BC011D13A2E900948A24 /* tabbar_message_center_highlighted@2x.png in Resources */,
				84E0BC161D13A2E900948A24 /* tabbar_profile_selected@2x.png in Resources */,
				84E0BBEE1D13A2E900948A24 /* tabbar_compose_voice@3x.png in Resources */,
				84E0BBFC1D13A2E900948A24 /* tabbar_home_highlighted@3x.png in Resources */,
				84E0BC0B1D13A2E900948A24 /* tabbar_music_highlighted@3x.png in Resources */,
				84E0BC201D13E93F00948A24 /* main_badge@2x.png in Resources */,
				84E0BBDC1D13A2E900948A24 /* tabbar_compose_more@3x.png in Resources */,
				84E0BBE91D13A2E900948A24 /* tabbar_compose_shooting@2x.png in Resources */,
				84E0BBFA1D13A2E900948A24 /* tabbar_home@3x.png in Resources */,
				84E0BC0C1D13A2E900948A24 /* tabbar_music_note@2x.png in Resources */,
				84E0BBC01D13A2E900948A24 /* tabbar_compose_below_background@2x.png in Resources */,
				84E0BBE61D13A2E900948A24 /* tabbar_compose_review@3x.png in Resources */,
				84E0BC001D13A2E900948A24 /* tabbar_message_center@3x.png in Resources */,
				84E0BC0A1D13A2E900948A24 /* tabbar_music_highlighted@2x.png in Resources */,
				84E0BBE81D13A2E900948A24 /* tabbar_compose_right_button_highlighted@2x.png in Resources */,
				84E0BBFF1D13A2E900948A24 /* tabbar_message_center@2x.png in Resources */,
				84D4172E1D17C11B00736510 /* fav02l-sheet.png in Resources */,
				84E0BBEC1D13A2E900948A24 /* tabbar_compose_video@2x.png in Resources */,
				84E0BBE71D13A2E900948A24 /* tabbar_compose_right_button@2x.png in Resources */,
				84E0BC121D13A2E900948A24 /* tabbar_profile@2x.png in Resources */,
				84E0BBE01D13A2E900948A24 /* tabbar_compose_notloaded@2x.png in Resources */,
				84E0BBCF1D13A2E900948A24 /* tabbar_compose_headlines@2x.png in Resources */,
				84E0BBC81D13A2E900948A24 /* tabbar_compose_camera@2x.png in Resources */,
				84D4172F1D17C11B00736510 /* fav02l-sheet@2x.png in Resources */,
				84E0BBC61D13A2E900948A24 /* tabbar_compose_button_highlighted@2x.png in Resources */,
				84E0BBE11D13A2E900948A24 /* tabbar_compose_photo@2x.png in Resources */,
				84E0BC0D1D13A2E900948A24 /* tabbar_music_note@3x.png in Resources */,
				84E0BC101D13A2E900948A24 /* tabbar_music_selected@2x.png in Resources */,
				84E0BC1A1D13A2E900948A24 /* tabbar_slider@2x.png in Resources */,
				84E0BBF71D13A2E900948A24 /* tabbar_discover_selected@2x.png in Resources */,
				84E0BBF91D13A2E900948A24 /* tabbar_home@2x.png in Resources */,
				84E0BB271D13916000948A24 /* LaunchScreen.storyboard in Resources */,
				84E0BBED1D13A2E900948A24 /* tabbar_compose_voice@2x.png in Resources */,
				84E0BBFB1D13A2E900948A24 /* tabbar_home_highlighted@2x.png in Resources */,
				84E0BBEA1D13A2E900948A24 /* tabbar_compose_shooting@3x.png in Resources */,
				84E0BBD71D13A2E900948A24 /* tabbar_compose_lbs@2x.png in Resources */,
				84E0BBE31D13A2E900948A24 /* tabbar_compose_productrelease@2x.png in Resources */,
				84D4172C1D17C11B00736510 /* fav02c-sheet.png in Resources */,
				84E0BBF01D13A2E900948A24 /* tabbar_compose_wbcamera@3x.png in Resources */,
				84E0BC031D13A2E900948A24 /* tabbar_message_center_selected@2x.png in Resources */,
				84E0BBB11D13A2E900948A24 /* qrcode_tabbar_icon_barcode_highlighted@2x.png in Resources */,
				84E0BBB01D13A2E900948A24 /* qrcode_tabbar_icon_barcode@3x.png in Resources */,
				84E0BC141D13A2E900948A24 /* tabbar_profile_highlighted@2x.png in Resources */,
				84E0BC0F1D13A2E900948A24 /* tabbar_music_person@3x.png in Resources */,
				84E0BBC11D13A2E900948A24 /* tabbar_compose_below_button@2x.png in Resources */,
				84E0BBD11D13A2E900948A24 /* tabbar_compose_icon_add@2x.png in Resources */,
				84E0BBD81D13A2E900948A24 /* tabbar_compose_lbs@3x.png in Resources */,
				84E0BBEB1D13A2E900948A24 /* tabbar_compose_transfer@3x.png in Resources */,
				84E0BC211D13E93F00948A24 /* main_badge@3x.png in Resources */,
				84E0BC111D13A2E900948A24 /* tabbar_music_selected@3x.png in Resources */,
				84E0BBBE1D13A2E900948A24 /* tabbar_compose_background_icon_return@2x.png in Resources */,
				84E0BC021D13A2E900948A24 /* tabbar_message_center_highlighted@3x.png in Resources */,
				84E0BBAF1D13A2E900948A24 /* qrcode_tabbar_icon_barcode@2x.png in Resources */,
				84E0BC061D13A2E900948A24 /* tabbar_more_highlighted@2x.png in Resources */,
				84E0BBCC1D13A2E900948A24 /* tabbar_compose_envelope@2x.png in Resources */,
				84E0BBF51D13A2E900948A24 /* tabbar_discover_highlighted@2x.png in Resources */,
				84E0BBD31D13A2E900948A24 /* tabbar_compose_icon_add_highlighted@2x.png in Resources */,
				84E0BC171D13A2E900948A24 /* tabbar_profile_selected@3x.png in Resources */,
				84E0BBC51D13A2E900948A24 /* tabbar_compose_button@3x.png in Resources */,
				84E0BBC71D13A2E900948A24 /* tabbar_compose_button_highlighted@3x.png in Resources */,
				84E0BBAE1D13A2E900948A24 /* qrcode_tabbar_background@2x.png in Resources */,
				84E0BBCE1D13A2E900948A24 /* tabbar_compose_friend@3x.png in Resources */,
				84E0BC131D13A2E900948A24 /* tabbar_profile@3x.png in Resources */,
				84E0BBD01D13A2E900948A24 /* tabbar_compose_headlines@3x.png in Resources */,
				84E0BBCD1D13A2E900948A24 /* tabbar_compose_friend@2x.png in Resources */,
				84E0BBD41D13A2E900948A24 /* tabbar_compose_icon_add_highlighted@3x.png in Resources */,
				84E0BBB81D13A2E900948A24 /* tabbar_background@3x.png in Resources */,
				84E0BBC41D13A2E900948A24 /* tabbar_compose_button@2x.png in Resources */,
				84E0BBD91D13A2E900948A24 /* tabbar_compose_left_button@2x.png in Resources */,
				84E0BBDA1D13A2E900948A24 /* tabbar_compose_left_button_highlighted@2x.png in Resources */,
				84E0BBF81D13A2E900948A24 /* tabbar_discover_selected@3x.png in Resources */,
				84E0BC041D13A2E900948A24 /* tabbar_message_center_selected@3x.png in Resources */,
				84E0BBFD1D13A2E900948A24 /* tabbar_home_selected@2x.png in Resources */,
				84E0BC091D13A2E900948A24 /* tabbar_music@3x.png in Resources */,
				84E0BBE51D13A2E900948A24 /* tabbar_compose_review@2x.png in Resources */,
				84E0BBD61D13A2E900948A24 /* tabbar_compose_idea@3x.png in Resources */,
				84E0BBD51D13A2E900948A24 /* tabbar_compose_idea@2x.png in Resources */,
				84E0BBBA1D13A2E900948A24 /* tabbar_compose_background_icon_add@2x.png in Resources */,
				84E0BBF31D13A2E900948A24 /* tabbar_discover@2x.png in Resources */,
				84E0BC071D13A2E900948A24 /* tabbar_more_selected@2x.png in Resources */,
				84E0BBBF1D13A2E900948A24 /* tabbar_compose_background_icon_return@3x.png in Resources */,
				84D4172D1D17C11B00736510 /* fav02c-sheet@2x.png in Resources */,
				84E0BBEF1D13A2E900948A24 /* tabbar_compose_wbcamera@2x.png in Resources */,
				84E0BBDB1D13A2E900948A24 /* tabbar_compose_more@2x.png in Resources */,
				84E0BBC21D13A2E900948A24 /* tabbar_compose_below_button_highlighted@2x.png in Resources */,
				84E0BBBD1D13A2E900948A24 /* tabbar_compose_background_icon_close@3x.png in Resources */,
				84E0BBDF1D13A2E900948A24 /* tabbar_compose_music@3x.png in Resources */,
				84E0BC081D13A2E900948A24 /* tabbar_music@2x.png in Resources */,
				84E0BBAD1D13A2E900948A24 /* profile_relationship_tabbar_background_repeat@3x.png in Resources */,
				84E0BB241D13916000948A24 /* Assets.xcassets in Resources */,
				84E0BBE21D13A2E900948A24 /* tabbar_compose_photo@3x.png in Resources */,
				84E0BBC31D13A2E900948A24 /* tabbar_compose_book@2x.png in Resources */,
				84E0BBCB1D13A2E900948A24 /* tabbar_compose_delete@3x.png in Resources */,
				84E0BBDD1D13A2E900948A24 /* tabbar_compose_more_mask@2x.png in Resources */,
				84E0BBB31D13A2E900948A24 /* qrcode_tabbar_icon_qrcode@2x.png in Resources */,
				84E0BBF11D13A2E900948A24 /* tabbar_compose_weibo@2x.png in Resources */,
				84E0BBB91D13A2E900948A24 /* tabbar_background_os7@2x.png in Resources */,
				84E0BBF41D13A2E900948A24 /* tabbar_discover@3x.png in Resources */,
				84E0BBB61D13A2E900948A24 /* qrcode_tabbar_icon_qrcode_highlighted@3x.png in Resources */,
				84E0BBCA1D13A2E900948A24 /* tabbar_compose_delete@2x.png in Resources */,
				84E0BBF21D13A2E900948A24 /* tabbar_compose_weibo@3x.png in Resources */,
				84E0BBFE1D13A2E900948A24 /* tabbar_home_selected@3x.png in Resources */,
				84E0BBDE1D13A2E900948A24 /* tabbar_compose_music@2x.png in Resources */,
				84E0BBB21D13A2E900948A24 /* qrcode_tabbar_icon_barcode_highlighted@3x.png in Resources */,
				84E0BBB51D13A2E900948A24 /* qrcode_tabbar_icon_qrcode_highlighted@2x.png in Resources */,
				84E0BC181D13A2E900948A24 /* tabbar_shadow@2x.png in Resources */,
				84E0BBBC1D13A2E900948A24 /* tabbar_compose_background_icon_close@2x.png in Resources */,
				84E0BBD21D13A2E900948A24 /* tabbar_compose_icon_add@3x.png in Resources */,
				84E0BBF61D13A2E900948A24 /* tabbar_discover_highlighted@3x.png in Resources */,
				84E0BC0E1D13A2E900948A24 /* tabbar_music_person@2x.png in Resources */,
				84E0BBBB1D13A2E900948A24 /* tabbar_compose_background_icon_add@3x.png in Resources */,
			);
			runOnlyForDeploymentPostprocessing = 0;
		};
/* End PBXResourcesBuildPhase section */

/* Begin PBXSourcesBuildPhase section */
		84E0BB101D13916000948A24 /* Sources */ = {
			isa = PBXSourcesBuildPhase;
			buildActionMask = 2147483647;
			files = (
				84E0BB371D13923A00948A24 /* SKTabBarController.m in Sources */,
				84E0BB3A1D13939100948A24 /* SKTabBarItem.m in Sources */,
				84E0BB1C1D13916000948A24 /* AppDelegate.m in Sources */,
				84E0BB191D13916000948A24 /* main.m in Sources */,
				84E0BC1D1D13E7E500948A24 /* SKBadgeItem.m in Sources */,
				84E0BB311D1391DB00948A24 /* SKTabBar.m in Sources */,
			);
			runOnlyForDeploymentPostprocessing = 0;
		};
/* End PBXSourcesBuildPhase section */

/* Begin PBXVariantGroup section */
		84E0BB251D13916000948A24 /* LaunchScreen.storyboard */ = {
			isa = PBXVariantGroup;
			children = (
				84E0BB261D13916000948A24 /* Base */,
			);
			name = LaunchScreen.storyboard;
			sourceTree = "<group>";
		};
/* End PBXVariantGroup section */

/* Begin XCBuildConfiguration section */
		84E0BB291D13916000948A24 /* Debug */ = {
			isa = XCBuildConfiguration;
			buildSettings = {
				ALWAYS_SEARCH_USER_PATHS = NO;
				CLANG_ANALYZER_NONNULL = YES;
				CLANG_CXX_LANGUAGE_STANDARD = "gnu++0x";
				CLANG_CXX_LIBRARY = "libc++";
				CLANG_ENABLE_MODULES = YES;
				CLANG_ENABLE_OBJC_ARC = YES;
				CLANG_WARN_BOOL_CONVERSION = YES;
				CLANG_WARN_CONSTANT_CONVERSION = YES;
				CLANG_WARN_DIRECT_OBJC_ISA_USAGE = YES_ERROR;
				CLANG_WARN_EMPTY_BODY = YES;
				CLANG_WARN_ENUM_CONVERSION = YES;
				CLANG_WARN_INT_CONVERSION = YES;
				CLANG_WARN_OBJC_ROOT_CLASS = YES_ERROR;
				CLANG_WARN_UNREACHABLE_CODE = YES;
				CLANG_WARN__DUPLICATE_METHOD_MATCH = YES;
				"CODE_SIGN_IDENTITY[sdk=iphoneos*]" = "iPhone Developer";
				COPY_PHASE_STRIP = NO;
				DEBUG_INFORMATION_FORMAT = dwarf;
				ENABLE_STRICT_OBJC_MSGSEND = YES;
				ENABLE_TESTABILITY = YES;
				GCC_C_LANGUAGE_STANDARD = gnu99;
				GCC_DYNAMIC_NO_PIC = NO;
				GCC_NO_COMMON_BLOCKS = YES;
				GCC_OPTIMIZATION_LEVEL = 0;
				GCC_PREPROCESSOR_DEFINITIONS = (
					"DEBUG=1",
					"$(inherited)",
				);
				GCC_WARN_64_TO_32_BIT_CONVERSION = YES;
				GCC_WARN_ABOUT_RETURN_TYPE = YES_ERROR;
				GCC_WARN_UNDECLARED_SELECTOR = YES;
				GCC_WARN_UNINITIALIZED_AUTOS = YES_AGGRESSIVE;
				GCC_WARN_UNUSED_FUNCTION = YES;
				GCC_WARN_UNUSED_VARIABLE = YES;
				IPHONEOS_DEPLOYMENT_TARGET = 9.3;
				MTL_ENABLE_DEBUG_INFO = YES;
				ONLY_ACTIVE_ARCH = YES;
				SDKROOT = iphoneos;
			};
			name = Debug;
		};
		84E0BB2A1D13916000948A24 /* Release */ = {
			isa = XCBuildConfiguration;
			buildSettings = {
				ALWAYS_SEARCH_USER_PATHS = NO;
				CLANG_ANALYZER_NONNULL = YES;
				CLANG_CXX_LANGUAGE_STANDARD = "gnu++0x";
				CLANG_CXX_LIBRARY = "libc++";
				CLANG_ENABLE_MODULES = YES;
				CLANG_ENABLE_OBJC_ARC = YES;
				CLANG_WARN_BOOL_CONVERSION = YES;
				CLANG_WARN_CONSTANT_CONVERSION = YES;
				CLANG_WARN_DIRECT_OBJC_ISA_USAGE = YES_ERROR;
				CLANG_WARN_EMPTY_BODY = YES;
				CLANG_WARN_ENUM_CONVERSION = YES;
				CLANG_WARN_INT_CONVERSION = YES;
				CLANG_WARN_OBJC_ROOT_CLASS = YES_ERROR;
				CLANG_WARN_UNREACHABLE_CODE = YES;
				CLANG_WARN__DUPLICATE_METHOD_MATCH = YES;
				"CODE_SIGN_IDENTITY[sdk=iphoneos*]" = "iPhone Developer";
				COPY_PHASE_STRIP = NO;
				DEBUG_INFORMATION_FORMAT = "dwarf-with-dsym";
				ENABLE_NS_ASSERTIONS = NO;
				ENABLE_STRICT_OBJC_MSGSEND = YES;
				GCC_C_LANGUAGE_STANDARD = gnu99;
				GCC_NO_COMMON_BLOCKS = YES;
				GCC_WARN_64_TO_32_BIT_CONVERSION = YES;
				GCC_WARN_ABOUT_RETURN_TYPE = YES_ERROR;
				GCC_WARN_UNDECLARED_SELECTOR = YES;
				GCC_WARN_UNINITIALIZED_AUTOS = YES_AGGRESSIVE;
				GCC_WARN_UNUSED_FUNCTION = YES;
				GCC_WARN_UNUSED_VARIABLE = YES;
				IPHONEOS_DEPLOYMENT_TARGET = 9.3;
				MTL_ENABLE_DEBUG_INFO = NO;
				SDKROOT = iphoneos;
				VALIDATE_PRODUCT = YES;
			};
			name = Release;
		};
		84E0BB2C1D13916000948A24 /* Debug */ = {
			isa = XCBuildConfiguration;
			buildSettings = {
				ASSETCATALOG_COMPILER_APPICON_NAME = AppIcon;
				INFOPLIST_FILE = SKTabBar/Info.plist;
				LD_RUNPATH_SEARCH_PATHS = "$(inherited) @executable_path/Frameworks";
				PRODUCT_BUNDLE_IDENTIFIER = com.SoKon.SKTabBar;
				PRODUCT_NAME = "$(TARGET_NAME)";
			};
			name = Debug;
		};
		84E0BB2D1D13916000948A24 /* Release */ = {
			isa = XCBuildConfiguration;
			buildSettings = {
				ASSETCATALOG_COMPILER_APPICON_NAME = AppIcon;
				INFOPLIST_FILE = SKTabBar/Info.plist;
				LD_RUNPATH_SEARCH_PATHS = "$(inherited) @executable_path/Frameworks";
				PRODUCT_BUNDLE_IDENTIFIER = com.SoKon.SKTabBar;
				PRODUCT_NAME = "$(TARGET_NAME)";
			};
			name = Release;
		};
/* End XCBuildConfiguration section */

/* Begin XCConfigurationList section */
		84E0BB0F1D13916000948A24 /* Build configuration list for PBXProject "SKTabBar" */ = {
			isa = XCConfigurationList;
			buildConfigurations = (
				84E0BB291D13916000948A24 /* Debug */,
				84E0BB2A1D13916000948A24 /* Release */,
			);
			defaultConfigurationIsVisible = 0;
			defaultConfigurationName = Release;
		};
		84E0BB2B1D13916000948A24 /* Build configuration list for PBXNativeTarget "SKTabBar" */ = {
			isa = XCConfigurationList;
			buildConfigurations = (
				84E0BB2C1D13916000948A24 /* Debug */,
				84E0BB2D1D13916000948A24 /* Release */,
			);
			defaultConfigurationIsVisible = 0;
			defaultConfigurationName = Release;
		};
/* End XCConfigurationList section */
	};
	rootObject = 84E0BB0C1D13916000948A24 /* Project object */;
}
